
Microsoft Visual Studio Solution File, Format Version 12.00
# Visual Studio Version 17
VisualStudioVersion = 17.3.32901.215
MinimumVisualStudioVersion = 10.0.40219.1
Project("{9A19103F-16F7-4668-BE54-9A1E7A4F7556}") = "VDW.SalesApp.Common", "VDW.SalesApp.Common\VDW.SalesApp.Common.csproj", "{16A98E04-D5F9-473A-9CBC-BA7BDDD9AD26}"
EndProject
Project("{9A19103F-16F7-4668-BE54-9A1E7A4F7556}") = "VDW.SalesApp.IdentityServer", "VDW.SalesApp.IdentityServer\VDW.SalesApp.IdentityServer.csproj", "{0DF812A9-65D2-48ED-AD32-5EE613B1631C}"
EndProject
Project("{9A19103F-16F7-4668-BE54-9A1E7A4F7556}") = "SalesApp.Ocelot.ApiGateway", "SalesApp.Ocelot.ApiGateway\SalesApp.Ocelot.ApiGateway.csproj", "{D9CAA5A2-40FA-432E-AB6D-138E6D6E0564}"
EndProject
Project("{E53339B2-1760-4266-BCC7-CA923CBCF16C}") = "docker-compose", "docker-compose.dcproj", "{18FD44C7-A715-4EBD-9D07-D58B55D69E78}"
EndProject
Project("{2150E333-8FDC-42A3-9474-1A3956D46DE8}") = "k8sconfig", "k8sconfig", "{054AC142-55BC-4585-B3F3-763593106BC8}"
EndProject
Project("{2150E333-8FDC-42A3-9474-1A3956D46DE8}") = "Deployment", "Deployment", "{8F45E9FF-6D2C-483F-B505-5FD7D7CD6A70}"
	ProjectSection(SolutionItems) = preProject
		identityserver.yaml = identityserver.yaml
	EndProjectSection
EndProject
Project("{2150E333-8FDC-42A3-9474-1A3956D46DE8}") = "Service", "Service", "{804BFA49-2807-42DB-A51A-63DFBE48A721}"
	ProjectSection(SolutionItems) = preProject
		identityServer-Service.yml = identityServer-Service.yml
	EndProjectSection
EndProject
Global
	GlobalSection(SolutionConfigurationPlatforms) = preSolution
		Debug|Any CPU = Debug|Any CPU
		Release|Any CPU = Release|Any CPU
	EndGlobalSection
	GlobalSection(ProjectConfigurationPlatforms) = postSolution
		{16A98E04-D5F9-473A-9CBC-BA7BDDD9AD26}.Debug|Any CPU.ActiveCfg = Debug|Any CPU
		{16A98E04-D5F9-473A-9CBC-BA7BDDD9AD26}.Debug|Any CPU.Build.0 = Debug|Any CPU
		{16A98E04-D5F9-473A-9CBC-BA7BDDD9AD26}.Release|Any CPU.ActiveCfg = Release|Any CPU
		{16A98E04-D5F9-473A-9CBC-BA7BDDD9AD26}.Release|Any CPU.Build.0 = Release|Any CPU
		{0DF812A9-65D2-48ED-AD32-5EE613B1631C}.Debug|Any CPU.ActiveCfg = Debug|Any CPU
		{0DF812A9-65D2-48ED-AD32-5EE613B1631C}.Debug|Any CPU.Build.0 = Debug|Any CPU
		{0DF812A9-65D2-48ED-AD32-5EE613B1631C}.Release|Any CPU.ActiveCfg = Release|Any CPU
		{0DF812A9-65D2-48ED-AD32-5EE613B1631C}.Release|Any CPU.Build.0 = Release|Any CPU
		{D9CAA5A2-40FA-432E-AB6D-138E6D6E0564}.Debug|Any CPU.ActiveCfg = Debug|Any CPU
		{D9CAA5A2-40FA-432E-AB6D-138E6D6E0564}.Debug|Any CPU.Build.0 = Debug|Any CPU
		{D9CAA5A2-40FA-432E-AB6D-138E6D6E0564}.Release|Any CPU.ActiveCfg = Release|Any CPU
		{D9CAA5A2-40FA-432E-AB6D-138E6D6E0564}.Release|Any CPU.Build.0 = Release|Any CPU
		{18FD44C7-A715-4EBD-9D07-D58B55D69E78}.Debug|Any CPU.ActiveCfg = Debug|Any CPU
		{18FD44C7-A715-4EBD-9D07-D58B55D69E78}.Debug|Any CPU.Build.0 = Debug|Any CPU
		{18FD44C7-A715-4EBD-9D07-D58B55D69E78}.Release|Any CPU.ActiveCfg = Release|Any CPU
		{18FD44C7-A715-4EBD-9D07-D58B55D69E78}.Release|Any CPU.Build.0 = Release|Any CPU
	EndGlobalSection
	GlobalSection(SolutionProperties) = preSolution
		HideSolutionNode = FALSE
	EndGlobalSection
	GlobalSection(NestedProjects) = preSolution
		{8F45E9FF-6D2C-483F-B505-5FD7D7CD6A70} = {054AC142-55BC-4585-B3F3-763593106BC8}
		{804BFA49-2807-42DB-A51A-63DFBE48A721} = {054AC142-55BC-4585-B3F3-763593106BC8}
	EndGlobalSection
	GlobalSection(ExtensibilityGlobals) = postSolution
		SolutionGuid = {3152826E-8927-4DC6-B6B1-318722766D51}
	EndGlobalSection
EndGlobal
